
Microsoft Visual Studio Solution File, Format Version 12.00
# Visual Studio 15
VisualStudioVersion = 15.0.26730.10
MinimumVisualStudioVersion = 10.0.40219.1
Project("{FAE04EC0-301F-11D3-BF4B-00C04F79EFBC}") = "OrcamentoFront", "OrcamentoFront\OrcamentoFront.csproj", "{CC76B838-E780-4CF4-9138-D36846D60250}"
EndProject
Global
	GlobalSection(SolutionConfigurationPlatforms) = preSolution
		Debug|Any CPU = Debug|Any CPU
		Release|Any CPU = Release|Any CPU
	EndGlobalSection
	GlobalSection(ProjectConfigurationPlatforms) = postSolution
		{CC76B838-E780-4CF4-9138-D36846D60250}.Debug|Any CPU.ActiveCfg = Debug|Any CPU
		{CC76B838-E780-4CF4-9138-D36846D60250}.Debug|Any CPU.Build.0 = Debug|Any CPU
		{CC76B838-E780-4CF4-9138-D36846D60250}.Release|Any CPU.ActiveCfg = Release|Any CPU
		{CC76B838-E780-4CF4-9138-D36846D60250}.Release|Any CPU.Build.0 = Release|Any CPU
	EndGlobalSection
	GlobalSection(SolutionProperties) = preSolution
		HideSolutionNode = FALSE
	EndGlobalSection
	GlobalSection(ExtensibilityGlobals) = postSolution
		SolutionGuid = {A1BF3A40-B1D2-438B-91B5-924160080057}
	EndGlobalSection
EndGlobal
